{
  "originHash" : "6523c985d3f447a7dfc192ef24a4bf9ea124fefc8592f445fefc696d0a785737",
  "pins" : [
    {
      "identity" : "factory",
      "kind" : "remoteSourceControl",
      "location" : "https://github.com/hmlongco/Factory",
      "state" : {
        "revision" : "ccc898f21992ebc130bc04cc197460a5ae230bcf",
        "version" : "2.5.3"
      }
    },
    {
      "identity" : "swift-syntax",
      "kind" : "remoteSourceControl",
      "location" : "https://github.com/apple/swift-syntax.git",
      "state" : {
        "revision" : "64889f0c732f210a935a0ad7cda38f77f876262d",
        "version" : "509.1.1"
      }
    },
    {
      "identity" : "swiftmocks",
      "kind" : "remoteSourceControl",
      "location" : "https://github.com/frugoman/SwiftMocks",
      "state" : {
        "branch" : "main",
        "revision" : "fef041521fe4ebf0f3831fd6038dc11e20e0cb7e"
      }
    }
  ],
  "version" : 3
}
